
Microsoft Visual Studio Solution File, Format Version 12.00
# Visual Studio Version 17
VisualStudioVersion = 17.3.32819.101
MinimumVisualStudioVersion = 10.0.40219.1
Project("{FAE04EC0-301F-11D3-BF4B-00C04F79EFBC}") = "MinMaxSum2", "MinMaxSum2.csproj", "{DFF0E968-3328-4062-BD74-BA8F52840E07}"
EndProject
Global
	GlobalSection(SolutionConfigurationPlatforms) = preSolution
		Debug|Any CPU = Debug|Any CPU
		Release|Any CPU = Release|Any CPU
	EndGlobalSection
	GlobalSection(ProjectConfigurationPlatforms) = postSolution
		{DFF0E968-3328-4062-BD74-BA8F52840E07}.Debug|Any CPU.ActiveCfg = Debug|Any CPU
		{DFF0E968-3328-4062-BD74-BA8F52840E07}.Debug|Any CPU.Build.0 = Debug|Any CPU
		{DFF0E968-3328-4062-BD74-BA8F52840E07}.Release|Any CPU.ActiveCfg = Release|Any CPU
		{DFF0E968-3328-4062-BD74-BA8F52840E07}.Release|Any CPU.Build.0 = Release|Any CPU
	EndGlobalSection
	GlobalSection(SolutionProperties) = preSolution
		HideSolutionNode = FALSE
	EndGlobalSection
	GlobalSection(ExtensibilityGlobals) = postSolution
		SolutionGuid = {4F2C1B64-2581-4E2E-A0F8-94D0E29EA679}
	EndGlobalSection
EndGlobal
